
Microsoft Visual Studio Solution File, Format Version 12.00
# Visual Studio Version 17
VisualStudioVersion = 17.8.34408.163
MinimumVisualStudioVersion = 10.0.40219.1
Project("{FAE04EC0-301F-11D3-BF4B-00C04F79EFBC}") = "Indiv.Uppgiftv2", "Indiv.Uppgiftv2\Indiv.Uppgiftv2.csproj", "{459BE335-4D6D-4A8D-BC21-ADCC83CD66FE}"
EndProject
Project("{FAE04EC0-301F-11D3-BF4B-00C04F79EFBC}") = "IndProjModels", "IndProjModels\IndProjModels.csproj", "{F90465CD-9F18-47A4-B5D8-6CE6D7D427A2}"
EndProject
Global
	GlobalSection(SolutionConfigurationPlatforms) = preSolution
		Debug|Any CPU = Debug|Any CPU
		Release|Any CPU = Release|Any CPU
	EndGlobalSection
	GlobalSection(ProjectConfigurationPlatforms) = postSolution
		{459BE335-4D6D-4A8D-BC21-ADCC83CD66FE}.Debug|Any CPU.ActiveCfg = Debug|Any CPU
		{459BE335-4D6D-4A8D-BC21-ADCC83CD66FE}.Debug|Any CPU.Build.0 = Debug|Any CPU
		{459BE335-4D6D-4A8D-BC21-ADCC83CD66FE}.Release|Any CPU.ActiveCfg = Release|Any CPU
		{459BE335-4D6D-4A8D-BC21-ADCC83CD66FE}.Release|Any CPU.Build.0 = Release|Any CPU
		{F90465CD-9F18-47A4-B5D8-6CE6D7D427A2}.Debug|Any CPU.ActiveCfg = Debug|Any CPU
		{F90465CD-9F18-47A4-B5D8-6CE6D7D427A2}.Debug|Any CPU.Build.0 = Debug|Any CPU
		{F90465CD-9F18-47A4-B5D8-6CE6D7D427A2}.Release|Any CPU.ActiveCfg = Release|Any CPU
		{F90465CD-9F18-47A4-B5D8-6CE6D7D427A2}.Release|Any CPU.Build.0 = Release|Any CPU
	EndGlobalSection
	GlobalSection(SolutionProperties) = preSolution
		HideSolutionNode = FALSE
	EndGlobalSection
	GlobalSection(ExtensibilityGlobals) = postSolution
		SolutionGuid = {C1F87A7F-93B9-4C12-9FEB-3392D3DCF4F1}
	EndGlobalSection
EndGlobal
